
Microsoft Visual Studio Solution File, Format Version 12.00
# Visual Studio 15
VisualStudioVersion = 15.0.26228.12
MinimumVisualStudioVersion = 10.0.40219.1
Project("{9A19103F-16F7-4668-BE54-9A1E7A4F7556}") = "VulkanCore", "Src\VulkanCore.csproj", "{1772437F-982D-4EDF-80E8-11B826219041}"
EndProject
Project("{FAE04EC0-301F-11D3-BF4B-00C04F79EFBC}") = "MiniFramework", "MiniFramework\MiniFramework.csproj", "{21D74E8F-4AFF-4598-99D1-D9AA12014964}"
EndProject
Global
	GlobalSection(SolutionConfigurationPlatforms) = preSolution
		Debug|Any CPU = Debug|Any CPU
		Release|Any CPU = Release|Any CPU
	EndGlobalSection
	GlobalSection(ProjectConfigurationPlatforms) = postSolution
		{1772437F-982D-4EDF-80E8-11B826219041}.Debug|Any CPU.ActiveCfg = Debug|Any CPU
		{1772437F-982D-4EDF-80E8-11B826219041}.Debug|Any CPU.Build.0 = Debug|Any CPU
		{1772437F-982D-4EDF-80E8-11B826219041}.Release|Any CPU.ActiveCfg = Release|Any CPU
		{1772437F-982D-4EDF-80E8-11B826219041}.Release|Any CPU.Build.0 = Release|Any CPU
		{21D74E8F-4AFF-4598-99D1-D9AA12014964}.Debug|Any CPU.ActiveCfg = Debug|Any CPU
		{21D74E8F-4AFF-4598-99D1-D9AA12014964}.Debug|Any CPU.Build.0 = Debug|Any CPU
		{21D74E8F-4AFF-4598-99D1-D9AA12014964}.Release|Any CPU.ActiveCfg = Release|Any CPU
		{21D74E8F-4AFF-4598-99D1-D9AA12014964}.Release|Any CPU.Build.0 = Release|Any CPU
	EndGlobalSection
	GlobalSection(SolutionProperties) = preSolution
		HideSolutionNode = FALSE
	EndGlobalSection
	GlobalSection(ExtensibilityGlobals) = postSolution
		SolutionGuid = {53A370C0-2029-430D-8088-C5DE8E4A9A2C}
	EndGlobalSection
EndGlobal
